
Microsoft Visual Studio Solution File, Format Version 12.00
# Visual Studio Version 17
VisualStudioVersion = 17.5.002.0
MinimumVisualStudioVersion = 10.0.40219.1
Project("{9A19103F-16F7-4668-BE54-9A1E7A4F7556}") = "poo", "poo.csproj", "{DF9D5993-68B3-4395-8779-54F674EEDBBA}"
EndProject
Global
	GlobalSection(SolutionConfigurationPlatforms) = preSolution
		Debug|Any CPU = Debug|Any CPU
		Release|Any CPU = Release|Any CPU
	EndGlobalSection
	GlobalSection(ProjectConfigurationPlatforms) = postSolution
		{DF9D5993-68B3-4395-8779-54F674EEDBBA}.Debug|Any CPU.ActiveCfg = Debug|Any CPU
		{DF9D5993-68B3-4395-8779-54F674EEDBBA}.Debug|Any CPU.Build.0 = Debug|Any CPU
		{DF9D5993-68B3-4395-8779-54F674EEDBBA}.Release|Any CPU.ActiveCfg = Release|Any CPU
		{DF9D5993-68B3-4395-8779-54F674EEDBBA}.Release|Any CPU.Build.0 = Release|Any CPU
	EndGlobalSection
	GlobalSection(SolutionProperties) = preSolution
		HideSolutionNode = FALSE
	EndGlobalSection
	GlobalSection(ExtensibilityGlobals) = postSolution
		SolutionGuid = {45610911-D983-425B-8EFC-8268D75DC00C}
	EndGlobalSection
EndGlobal
