
Microsoft Visual Studio Solution File, Format Version 12.00
# Visual Studio Version 17
VisualStudioVersion = 17.5.002.0
MinimumVisualStudioVersion = 10.0.40219.1
Project("{9A19103F-16F7-4668-BE54-9A1E7A4F7556}") = "explorando_exemplo", "explorando_exemplo.csproj", "{3E2A23A5-6A87-428A-B2EC-D3EFC0CDE90A}"
EndProject
Global
	GlobalSection(SolutionConfigurationPlatforms) = preSolution
		Debug|Any CPU = Debug|Any CPU
		Release|Any CPU = Release|Any CPU
	EndGlobalSection
	GlobalSection(ProjectConfigurationPlatforms) = postSolution
		{3E2A23A5-6A87-428A-B2EC-D3EFC0CDE90A}.Debug|Any CPU.ActiveCfg = Debug|Any CPU
		{3E2A23A5-6A87-428A-B2EC-D3EFC0CDE90A}.Debug|Any CPU.Build.0 = Debug|Any CPU
		{3E2A23A5-6A87-428A-B2EC-D3EFC0CDE90A}.Release|Any CPU.ActiveCfg = Release|Any CPU
		{3E2A23A5-6A87-428A-B2EC-D3EFC0CDE90A}.Release|Any CPU.Build.0 = Release|Any CPU
	EndGlobalSection
	GlobalSection(SolutionProperties) = preSolution
		HideSolutionNode = FALSE
	EndGlobalSection
	GlobalSection(ExtensibilityGlobals) = postSolution
		SolutionGuid = {6F9C3BD2-B265-4579-A034-8B6E461FA18E}
	EndGlobalSection
EndGlobal
